// !$*UTF8*$!
{
	archiveVersion = 1;
	classes = {
	};
	objectVersion = 56;
	objects = {

/* Begin PBXBuildFile section */
		FECDCFC229ABBFEA00624B83 /* BoulderBuddyApp.swift in Sources */ = {isa = PBXBuildFile; fileRef = FECDCFC129ABBFEA00624B83 /* BoulderBuddyApp.swift */; };
		FECDCFC429ABBFEA00624B83 /* ContentView.swift in Sources */ = {isa = PBXBuildFile; fileRef = FECDCFC329ABBFEA00624B83 /* ContentView.swift */; };
		FECDCFC629ABBFEB00624B83 /* Assets.xcassets in Resources */ = {isa = PBXBuildFile; fileRef = FECDCFC529ABBFEB00624B83 /* Assets.xcassets */; };
		FECDCFC929ABBFEB00624B83 /* Preview Assets.xcassets in Resources */ = {isa = PBXBuildFile; fileRef = FECDCFC829ABBFEB00624B83 /* Preview Assets.xcassets */; };
		FECDCFD329ABBFEC00624B83 /* BoulderBuddyTests.swift in Sources */ = {isa = PBXBuildFile; fileRef = FECDCFD229ABBFEC00624B83 /* BoulderBuddyTests.swift */; };
		FECDCFDD29ABBFEC00624B83 /* BoulderBuddyUITests.swift in Sources */ = {isa = PBXBuildFile; fileRef = FECDCFDC29ABBFEC00624B83 /* BoulderBuddyUITests.swift */; };
		FECDCFDF29ABBFEC00624B83 /* BoulderBuddyUITestsLaunchTests.swift in Sources */ = {isa = PBXBuildFile; fileRef = FECDCFDE29ABBFEC00624B83 /* BoulderBuddyUITestsLaunchTests.swift */; };
/* End PBXBuildFile section */

/* Begin PBXContainerItemProxy section */
		FECDCFCF29ABBFEC00624B83 /* PBXContainerItemProxy */ = {
			isa = PBXContainerItemProxy;
			containerPortal = FECDCFB629ABBFE900624B83 /* Project object */;
			proxyType = 1;
			remoteGlobalIDString = FECDCFBD29ABBFE900624B83;
			remoteInfo = BoulderBuddy;
		};
		FECDCFD929ABBFEC00624B83 /* PBXContainerItemProxy */ = {
			isa = PBXContainerItemProxy;
			containerPortal = FECDCFB629ABBFE900624B83 /* Project object */;
			proxyType = 1;
			remoteGlobalIDString = FECDCFBD29ABBFE900624B83;
			remoteInfo = BoulderBuddy;
		};
/* End PBXContainerItemProxy section */

/* Begin PBXFileReference section */
		FECDCFBE29ABBFEA00624B83 /* BoulderBuddy.app */ = {isa = PBXFileReference; explicitFileType = wrapper.application; includeInIndex = 0; path = BoulderBuddy.app; sourceTree = BUILT_PRODUCTS_DIR; };
		FECDCFC129ABBFEA00624B83 /* BoulderBuddyApp.swift */ = {isa = PBXFileReference; lastKnownFileType = sourcecode.swift; path = BoulderBuddyApp.swift; sourceTree = "<group>"; };
		FECDCFC329ABBFEA00624B83 /* ContentView.swift */ = {isa = PBXFileReference; lastKnownFileType = sourcecode.swift; path = ContentView.swift; sourceTree = "<group>"; };
		FECDCFC529ABBFEB00624B83 /* Assets.xcassets */ = {isa = PBXFileReference; lastKnownFileType = folder.assetcatalog; path = Assets.xcassets; sourceTree = "<group>"; };
		FECDCFC829ABBFEB00624B83 /* Preview Assets.xcassets */ = {isa = PBXFileReference; lastKnownFileType = folder.assetcatalog; path = "Preview Assets.xcassets"; sourceTree = "<group>"; };
		FECDCFCE29ABBFEC00624B83 /* BoulderBuddyTests.xctest */ = {isa = PBXFileReference; explicitFileType = wrapper.cfbundle; includeInIndex = 0; path = BoulderBuddyTests.xctest; sourceTree = BUILT_PRODUCTS_DIR; };
		FECDCFD229ABBFEC00624B83 /* BoulderBuddyTests.swift */ = {isa = PBXFileReference; lastKnownFileType = sourcecode.swift; path = BoulderBuddyTests.swift; sourceTree = "<group>"; };
		FECDCFD829ABBFEC00624B83 /* BoulderBuddyUITests.xctest */ = {isa = PBXFileReference; explicitFileType = wrapper.cfbundle; includeInIndex = 0; path = BoulderBuddyUITests.xctest; sourceTree = BUILT_PRODUCTS_DIR; };
		FECDCFDC29ABBFEC00624B83 /* BoulderBuddyUITests.swift */ = {isa = PBXFileReference; lastKnownFileType = sourcecode.swift; path = BoulderBuddyUITests.swift; sourceTree = "<group>"; };
		FECDCFDE29ABBFEC00624B83 /* BoulderBuddyUITestsLaunchTests.swift */ = {isa = PBXFileReference; lastKnownFileType = sourcecode.swift; path = BoulderBuddyUITestsLaunchTests.swift; sourceTree = "<group>"; };
/* End PBXFileReference section */

/* Begin PBXFrameworksBuildPhase section */
		FECDCFBB29ABBFE900624B83 /* Frameworks */ = {
			isa = PBXFrameworksBuildPhase;
			buildActionMask = 2147483647;
			files = (
			);
			runOnlyForDeploymentPostprocessing = 0;
		};
		FECDCFCB29ABBFEC00624B83 /* Frameworks */ = {
			isa = PBXFrameworksBuildPhase;
			buildActionMask = 2147483647;
			files = (
			);
			runOnlyForDeploymentPostprocessing = 0;
		};
		FECDCFD529ABBFEC00624B83 /* Frameworks */ = {
			isa = PBXFrameworksBuildPhase;
			buildActionMask = 2147483647;
			files = (
			);
			runOnlyForDeploymentPostprocessing = 0;
		};
/* End PBXFrameworksBuildPhase section */

/* Begin PBXGroup section */
		FECDCFB529ABBFE900624B83 = {
			isa = PBXGroup;
			children = (
				FECDCFC029ABBFEA00624B83 /* BoulderBuddy */,
				FECDCFD129ABBFEC00624B83 /* BoulderBuddyTests */,
				FECDCFDB29ABBFEC00624B83 /* BoulderBuddyUITests */,
				FECDCFBF29ABBFEA00624B83 /* Products */,
			);
			sourceTree = "<group>";
		};
		FECDCFBF29ABBFEA00624B83 /* Products */ = {
			isa = PBXGroup;
			children = (
				FECDCFBE29ABBFEA00624B83 /* BoulderBuddy.app */,
				FECDCFCE29ABBFEC00624B83 /* BoulderBuddyTests.xctest */,
				FECDCFD829ABBFEC00624B83 /* BoulderBuddyUITests.xctest */,
			);
			name = Products;
			sourceTree = "<group>";
		};
		FECDCFC029ABBFEA00624B83 /* BoulderBuddy */ = {
			isa = PBXGroup;
			children = (
				FECDCFC129ABBFEA00624B83 /* BoulderBuddyApp.swift */,
				FECDCFC329ABBFEA00624B83 /* ContentView.swift */,
				FECDCFC529ABBFEB00624B83 /* Assets.xcassets */,
				FECDCFC729ABBFEB00624B83 /* Preview Content */,
			);
			path = BoulderBuddy;
			sourceTree = "<group>";
		};
		FECDCFC729ABBFEB00624B83 /* Preview Content */ = {
			isa = PBXGroup;
			children = (
				FECDCFC829ABBFEB00624B83 /* Preview Assets.xcassets */,
			);
			path = "Preview Content";
			sourceTree = "<group>";
		};
		FECDCFD129ABBFEC00624B83 /* BoulderBuddyTests */ = {
			isa = PBXGroup;
			children = (
				FECDCFD229ABBFEC00624B83 /* BoulderBuddyTests.swift */,
			);
			path = BoulderBuddyTests;
			sourceTree = "<group>";
		};
		FECDCFDB29ABBFEC00624B83 /* BoulderBuddyUITests */ = {
			isa = PBXGroup;
			children = (
				FECDCFDC29ABBFEC00624B83 /* BoulderBuddyUITests.swift */,
				FECDCFDE29ABBFEC00624B83 /* BoulderBuddyUITestsLaunchTests.swift */,
			);
			path = BoulderBuddyUITests;
			sourceTree = "<group>";
		};
/* End PBXGroup section */

/* Begin PBXNativeTarget section */
		FECDCFBD29ABBFE900624B83 /* BoulderBuddy */ = {
			isa = PBXNativeTarget;
			buildConfigurationList = FECDCFE229ABBFEC00624B83 /* Build configuration list for PBXNativeTarget "BoulderBuddy" */;
			buildPhases = (
				FECDCFBA29ABBFE900624B83 /* Sources */,
				FECDCFBB29ABBFE900624B83 /* Frameworks */,
				FECDCFBC29ABBFE900624B83 /* Resources */,
			);
			buildRules = (
			);
			dependencies = (
			);
			name = BoulderBuddy;
			productName = BoulderBuddy;
			productReference = FECDCFBE29ABBFEA00624B83 /* BoulderBuddy.app */;
			productType = "com.apple.product-type.application";
		};
		FECDCFCD29ABBFEC00624B83 /* BoulderBuddyTests */ = {
			isa = PBXNativeTarget;
			buildConfigurationList = FECDCFE529ABBFEC00624B83 /* Build configuration list for PBXNativeTarget "BoulderBuddyTests" */;
			buildPhases = (
				FECDCFCA29ABBFEC00624B83 /* Sources */,
				FECDCFCB29ABBFEC00624B83 /* Frameworks */,
				FECDCFCC29ABBFEC00624B83 /* Resources */,
			);
			buildRules = (
			);
			dependencies = (
				FECDCFD029ABBFEC00624B83 /* PBXTargetDependency */,
			);
			name = BoulderBuddyTests;
			productName = BoulderBuddyTests;
			productReference = FECDCFCE29ABBFEC00624B83 /* BoulderBuddyTests.xctest */;
			productType = "com.apple.product-type.bundle.unit-test";
		};
		FECDCFD729ABBFEC00624B83 /* BoulderBuddyUITests */ = {
			isa = PBXNativeTarget;
			buildConfigurationList = FECDCFE829ABBFEC00624B83 /* Build configuration list for PBXNativeTarget "BoulderBuddyUITests" */;
			buildPhases = (
				FECDCFD429ABBFEC00624B83 /* Sources */,
				FECDCFD529ABBFEC00624B83 /* Frameworks */,
				FECDCFD629ABBFEC00624B83 /* Resources */,
			);
			buildRules = (
			);
			dependencies = (
				FECDCFDA29ABBFEC00624B83 /* PBXTargetDependency */,
			);
			name = BoulderBuddyUITests;
			productName = BoulderBuddyUITests;
			productReference = FECDCFD829ABBFEC00624B83 /* BoulderBuddyUITests.xctest */;
			productType = "com.apple.product-type.bundle.ui-testing";
		};
/* End PBXNativeTarget section */

/* Begin PBXProject section */
		FECDCFB629ABBFE900624B83 /* Project object */ = {
			isa = PBXProject;
			attributes = {
				BuildIndependentTargetsInParallel = 1;
				LastSwiftUpdateCheck = 1420;
				LastUpgradeCheck = 1420;
				TargetAttributes = {
					FECDCFBD29ABBFE900624B83 = {
						CreatedOnToolsVersion = 14.2;
					};
					FECDCFCD29ABBFEC00624B83 = {
						CreatedOnToolsVersion = 14.2;
						TestTargetID = FECDCFBD29ABBFE900624B83;
					};
					FECDCFD729ABBFEC00624B83 = {
						CreatedOnToolsVersion = 14.2;
						TestTargetID = FECDCFBD29ABBFE900624B83;
					};
				};
			};
			buildConfigurationList = FECDCFB929ABBFE900624B83 /* Build configuration list for PBXProject "BoulderBuddy" */;
			compatibilityVersion = "Xcode 14.0";
			developmentRegion = en;
			hasScannedForEncodings = 0;
			knownRegions = (
				en,
				Base,
			);
			mainGroup = FECDCFB529ABBFE900624B83;
			productRefGroup = FECDCFBF29ABBFEA00624B83 /* Products */;
			projectDirPath = "";
			projectRoot = "";
			targets = (
				FECDCFBD29ABBFE900624B83 /* BoulderBuddy */,
				FECDCFCD29ABBFEC00624B83 /* BoulderBuddyTests */,
				FECDCFD729ABBFEC00624B83 /* BoulderBuddyUITests */,
			);
		};
/* End PBXProject section */

/* Begin PBXResourcesBuildPhase section */
		FECDCFBC29ABBFE900624B83 /* Resources */ = {
			isa = PBXResourcesBuildPhase;
			buildActionMask = 2147483647;
			files = (
				FECDCFC929ABBFEB00624B83 /* Preview Assets.xcassets in Resources */,
				FECDCFC629ABBFEB00624B83 /* Assets.xcassets in Resources */,
			);
			runOnlyForDeploymentPostprocessing = 0;
		};
		FECDCFCC29ABBFEC00624B83 /* Resources */ = {
			isa = PBXResourcesBuildPhase;
			buildActionMask = 2147483647;
			files = (
			);
			runOnlyForDeploymentPostprocessing = 0;
		};
		FECDCFD629ABBFEC00624B83 /* Resources */ = {
			isa = PBXResourcesBuildPhase;
			buildActionMask = 2147483647;
			files = (
			);
			runOnlyForDeploymentPostprocessing = 0;
		};
/* End PBXResourcesBuildPhase section */

/* Begin PBXSourcesBuildPhase section */
		FECDCFBA29ABBFE900624B83 /* Sources */ = {
			isa = PBXSourcesBuildPhase;
			buildActionMask = 2147483647;
			files = (
				FECDCFC429ABBFEA00624B83 /* ContentView.swift in Sources */,
				FECDCFC229ABBFEA00624B83 /* BoulderBuddyApp.swift in Sources */,
			);
			runOnlyForDeploymentPostprocessing = 0;
		};
		FECDCFCA29ABBFEC00624B83 /* Sources */ = {
			isa = PBXSourcesBuildPhase;
			buildActionMask = 2147483647;
			files = (
				FECDCFD329ABBFEC00624B83 /* BoulderBuddyTests.swift in Sources */,
			);
			runOnlyForDeploymentPostprocessing = 0;
		};
		FECDCFD429ABBFEC00624B83 /* Sources */ = {
			isa = PBXSourcesBuildPhase;
			buildActionMask = 2147483647;
			files = (
				FECDCFDD29ABBFEC00624B83 /* BoulderBuddyUITests.swift in Sources */,
				FECDCFDF29ABBFEC00624B83 /* BoulderBuddyUITestsLaunchTests.swift in Sources */,
			);
			runOnlyForDeploymentPostprocessing = 0;
		};
/* End PBXSourcesBuildPhase section */

/* Begin PBXTargetDependency section */
		FECDCFD029ABBFEC00624B83 /* PBXTargetDependency */ = {
			isa = PBXTargetDependency;
			target = FECDCFBD29ABBFE900624B83 /* BoulderBuddy */;
			targetProxy = FECDCFCF29ABBFEC00624B83 /* PBXContainerItemProxy */;
		};
		FECDCFDA29ABBFEC00624B83 /* PBXTargetDependency */ = {
			isa = PBXTargetDependency;
			target = FECDCFBD29ABBFE900624B83 /* BoulderBuddy */;
			targetProxy = FECDCFD929ABBFEC00624B83 /* PBXContainerItemProxy */;
		};
/* End PBXTargetDependency section */

/* Begin XCBuildConfiguration section */
		FECDCFE029ABBFEC00624B83 /* Debug */ = {
			isa = XCBuildConfiguration;
			buildSettings = {
				ALWAYS_SEARCH_USER_PATHS = NO;
				CLANG_ANALYZER_NONNULL = YES;
				CLANG_ANALYZER_NUMBER_OBJECT_CONVERSION = YES_AGGRESSIVE;
				CLANG_CXX_LANGUAGE_STANDARD = "gnu++20";
				CLANG_ENABLE_MODULES = YES;
				CLANG_ENABLE_OBJC_ARC = YES;
				CLANG_ENABLE_OBJC_WEAK = YES;
				CLANG_WARN_BLOCK_CAPTURE_AUTORELEASING = YES;
				CLANG_WARN_BOOL_CONVERSION = YES;
				CLANG_WARN_COMMA = YES;
				CLANG_WARN_CONSTANT_CONVERSION = YES;
				CLANG_WARN_DEPRECATED_OBJC_IMPLEMENTATIONS = YES;
				CLANG_WARN_DIRECT_OBJC_ISA_USAGE = YES_ERROR;
				CLANG_WARN_DOCUMENTATION_COMMENTS = YES;
				CLANG_WARN_EMPTY_BODY = YES;
				CLANG_WARN_ENUM_CONVERSION = YES;
				CLANG_WARN_INFINITE_RECURSION = YES;
				CLANG_WARN_INT_CONVERSION = YES;
				CLANG_WARN_NON_LITERAL_NULL_CONVERSION = YES;
				CLANG_WARN_OBJC_IMPLICIT_RETAIN_SELF = YES;
				CLANG_WARN_OBJC_LITERAL_CONVERSION = YES;
				CLANG_WARN_OBJC_ROOT_CLASS = YES_ERROR;
				CLANG_WARN_QUOTED_INCLUDE_IN_FRAMEWORK_HEADER = YES;
				CLANG_WARN_RANGE_LOOP_ANALYSIS = YES;
				CLANG_WARN_STRICT_PROTOTYPES = YES;
				CLANG_WARN_SUSPICIOUS_MOVE = YES;
				CLANG_WARN_UNGUARDED_AVAILABILITY = YES_AGGRESSIVE;
				CLANG_WARN_UNREACHABLE_CODE = YES;
				CLANG_WARN__DUPLICATE_METHOD_MATCH = YES;
				COPY_PHASE_STRIP = NO;
				DEBUG_INFORMATION_FORMAT = dwarf;
				ENABLE_STRICT_OBJC_MSGSEND = YES;
				ENABLE_TESTABILITY = YES;
				GCC_C_LANGUAGE_STANDARD = gnu11;
				GCC_DYNAMIC_NO_PIC = NO;
				GCC_NO_COMMON_BLOCKS = YES;
				GCC_OPTIMIZATION_LEVEL = 0;
				GCC_PREPROCESSOR_DEFINITIONS = (
					"DEBUG=1",
					"$(inherited)",
				);
				GCC_WARN_64_TO_32_BIT_CONVERSION = YES;
				GCC_WARN_ABOUT_RETURN_TYPE = YES_ERROR;
				GCC_WARN_UNDECLARED_SELECTOR = YES;
				GCC_WARN_UNINITIALIZED_AUTOS = YES_AGGRESSIVE;
				GCC_WARN_UNUSED_FUNCTION = YES;
				GCC_WARN_UNUSED_VARIABLE = YES;
				IPHONEOS_DEPLOYMENT_TARGET = 16.2;
				MTL_ENABLE_DEBUG_INFO = INCLUDE_SOURCE;
				MTL_FAST_MATH = YES;
				ONLY_ACTIVE_ARCH = YES;
				SDKROOT = iphoneos;
				SWIFT_ACTIVE_COMPILATION_CONDITIONS = DEBUG;
				SWIFT_OPTIMIZATION_LEVEL = "-Onone";
			};
			name = Debug;
		};
		FECDCFE129ABBFEC00624B83 /* Release */ = {
			isa = XCBuildConfiguration;
			buildSettings = {
				ALWAYS_SEARCH_USER_PATHS = NO;
				CLANG_ANALYZER_NONNULL = YES;
				CLANG_ANALYZER_NUMBER_OBJECT_CONVERSION = YES_AGGRESSIVE;
				CLANG_CXX_LANGUAGE_STANDARD = "gnu++20";
				CLANG_ENABLE_MODULES = YES;
				CLANG_ENABLE_OBJC_ARC = YES;
				CLANG_ENABLE_OBJC_WEAK = YES;
				CLANG_WARN_BLOCK_CAPTURE_AUTORELEASING = YES;
				CLANG_WARN_BOOL_CONVERSION = YES;
				CLANG_WARN_COMMA = YES;
				CLANG_WARN_CONSTANT_CONVERSION = YES;
				CLANG_WARN_DEPRECATED_OBJC_IMPLEMENTATIONS = YES;
				CLANG_WARN_DIRECT_OBJC_ISA_USAGE = YES_ERROR;
				CLANG_WARN_DOCUMENTATION_COMMENTS = YES;
				CLANG_WARN_EMPTY_BODY = YES;
				CLANG_WARN_ENUM_CONVERSION = YES;
				CLANG_WARN_INFINITE_RECURSION = YES;
				CLANG_WARN_INT_CONVERSION = YES;
				CLANG_WARN_NON_LITERAL_NULL_CONVERSION = YES;
				CLANG_WARN_OBJC_IMPLICIT_RETAIN_SELF = YES;
				CLANG_WARN_OBJC_LITERAL_CONVERSION = YES;
				CLANG_WARN_OBJC_ROOT_CLASS = YES_ERROR;
				CLANG_WARN_QUOTED_INCLUDE_IN_FRAMEWORK_HEADER = YES;
				CLANG_WARN_RANGE_LOOP_ANALYSIS = YES;
				CLANG_WARN_STRICT_PROTOTYPES = YES;
				CLANG_WARN_SUSPICIOUS_MOVE = YES;
				CLANG_WARN_UNGUARDED_AVAILABILITY = YES_AGGRESSIVE;
				CLANG_WARN_UNREACHABLE_CODE = YES;
				CLANG_WARN__DUPLICATE_METHOD_MATCH = YES;
				COPY_PHASE_STRIP = NO;
				DEBUG_INFORMATION_FORMAT = "dwarf-with-dsym";
				ENABLE_NS_ASSERTIONS = NO;
				ENABLE_STRICT_OBJC_MSGSEND = YES;
				GCC_C_LANGUAGE_STANDARD = gnu11;
				GCC_NO_COMMON_BLOCKS = YES;
				GCC_WARN_64_TO_32_BIT_CONVERSION = YES;
				GCC_WARN_ABOUT_RETURN_TYPE = YES_ERROR;
				GCC_WARN_UNDECLARED_SELECTOR = YES;
				GCC_WARN_UNINITIALIZED_AUTOS = YES_AGGRESSIVE;
				GCC_WARN_UNUSED_FUNCTION = YES;
				GCC_WARN_UNUSED_VARIABLE = YES;
				IPHONEOS_DEPLOYMENT_TARGET = 16.2;
				MTL_ENABLE_DEBUG_INFO = NO;
				MTL_FAST_MATH = YES;
				SDKROOT = iphoneos;
				SWIFT_COMPILATION_MODE = wholemodule;
				SWIFT_OPTIMIZATION_LEVEL = "-O";
				VALIDATE_PRODUCT = YES;
			};
			name = Release;
		};
		FECDCFE329ABBFEC00624B83 /* Debug */ = {
			isa = XCBuildConfiguration;
			buildSettings = {
				ASSETCATALOG_COMPILER_APPICON_NAME = AppIcon;
				ASSETCATALOG_COMPILER_GLOBAL_ACCENT_COLOR_NAME = AccentColor;
				CODE_SIGN_STYLE = Automatic;
				CURRENT_PROJECT_VERSION = 1;
				DEVELOPMENT_ASSET_PATHS = "\"BoulderBuddy/Preview Content\"";
				ENABLE_PREVIEWS = YES;
				GENERATE_INFOPLIST_FILE = YES;
				INFOPLIST_KEY_UIApplicationSceneManifest_Generation = YES;
				INFOPLIST_KEY_UIApplicationSupportsIndirectInputEvents = YES;
				INFOPLIST_KEY_UILaunchScreen_Generation = YES;
				INFOPLIST_KEY_UISupportedInterfaceOrientations_iPad = "UIInterfaceOrientationPortrait UIInterfaceOrientationPortraitUpsideDown UIInterfaceOrientationLandscapeLeft UIInterfaceOrientationLandscapeRight";
				INFOPLIST_KEY_UISupportedInterfaceOrientations_iPhone = "UIInterfaceOrientationPortrait UIInterfaceOrientationLandscapeLeft UIInterfaceOrientationLandscapeRight";
				LD_RUNPATH_SEARCH_PATHS = (
					"$(inherited)",
					"@executable_path/Frameworks",
				);
				MARKETING_VERSION = 1.0;
				PRODUCT_BUNDLE_IDENTIFIER = com.joellje.BoulderBuddy;
				PRODUCT_NAME = "$(TARGET_NAME)";
				SWIFT_EMIT_LOC_STRINGS = YES;
				SWIFT_VERSION = 5.0;
				TARGETED_DEVICE_FAMILY = "1,2";
			};
			name = Debug;
		};
		FECDCFE429ABBFEC00624B83 /* Release */ = {
			isa = XCBuildConfiguration;
			buildSettings = {
				ASSETCATALOG_COMPILER_APPICON_NAME = AppIcon;
				ASSETCATALOG_COMPILER_GLOBAL_ACCENT_COLOR_NAME = AccentColor;
				CODE_SIGN_STYLE = Automatic;
				CURRENT_PROJECT_VERSION = 1;
				DEVELOPMENT_ASSET_PATHS = "\"BoulderBuddy/Preview Content\"";
				ENABLE_PREVIEWS = YES;
				GENERATE_INFOPLIST_FILE = YES;
				INFOPLIST_KEY_UIApplicationSceneManifest_Generation = YES;
				INFOPLIST_KEY_UIApplicationSupportsIndirectInputEvents = YES;
				INFOPLIST_KEY_UILaunchScreen_Generation = YES;
				INFOPLIST_KEY_UISupportedInterfaceOrientations_iPad = "UIInterfaceOrientationPortrait UIInterfaceOrientationPortraitUpsideDown UIInterfaceOrientationLandscapeLeft UIInterfaceOrientationLandscapeRight";
				INFOPLIST_KEY_UISupportedInterfaceOrientations_iPhone = "UIInterfaceOrientationPortrait UIInterfaceOrientationLandscapeLeft UIInterfaceOrientationLandscapeRight";
				LD_RUNPATH_SEARCH_PATHS = (
					"$(inherited)",
					"@executable_path/Frameworks",
				);
				MARKETING_VERSION = 1.0;
				PRODUCT_BUNDLE_IDENTIFIER = com.joellje.BoulderBuddy;
				PRODUCT_NAME = "$(TARGET_NAME)";
				SWIFT_EMIT_LOC_STRINGS = YES;
				SWIFT_VERSION = 5.0;
				TARGETED_DEVICE_FAMILY = "1,2";
			};
			name = Release;
		};
		FECDCFE629ABBFEC00624B83 /* Debug */ = {
			isa = XCBuildConfiguration;
			buildSettings = {
				ALWAYS_EMBED_SWIFT_STANDARD_LIBRARIES = YES;
				BUNDLE_LOADER = "$(TEST_HOST)";
				CODE_SIGN_STYLE = Automatic;
				CURRENT_PROJECT_VERSION = 1;
				GENERATE_INFOPLIST_FILE = YES;
				IPHONEOS_DEPLOYMENT_TARGET = 16.2;
				MARKETING_VERSION = 1.0;
				PRODUCT_BUNDLE_IDENTIFIER = com.joellje.BoulderBuddyTests;
				PRODUCT_NAME = "$(TARGET_NAME)";
				SWIFT_EMIT_LOC_STRINGS = NO;
				SWIFT_VERSION = 5.0;
				TARGETED_DEVICE_FAMILY = "1,2";
				TEST_HOST = "$(BUILT_PRODUCTS_DIR)/BoulderBuddy.app/$(BUNDLE_EXECUTABLE_FOLDER_PATH)/BoulderBuddy";
			};
			name = Debug;
		};
		FECDCFE729ABBFEC00624B83 /* Release */ = {
			isa = XCBuildConfiguration;
			buildSettings = {
				ALWAYS_EMBED_SWIFT_STANDARD_LIBRARIES = YES;
				BUNDLE_LOADER = "$(TEST_HOST)";
				CODE_SIGN_STYLE = Automatic;
				CURRENT_PROJECT_VERSION = 1;
				GENERATE_INFOPLIST_FILE = YES;
				IPHONEOS_DEPLOYMENT_TARGET = 16.2;
				MARKETING_VERSION = 1.0;
				PRODUCT_BUNDLE_IDENTIFIER = com.joellje.BoulderBuddyTests;
				PRODUCT_NAME = "$(TARGET_NAME)";
				SWIFT_EMIT_LOC_STRINGS = NO;
				SWIFT_VERSION = 5.0;
				TARGETED_DEVICE_FAMILY = "1,2";
				TEST_HOST = "$(BUILT_PRODUCTS_DIR)/BoulderBuddy.app/$(BUNDLE_EXECUTABLE_FOLDER_PATH)/BoulderBuddy";
			};
			name = Release;
		};
		FECDCFE929ABBFEC00624B83 /* Debug */ = {
			isa = XCBuildConfiguration;
			buildSettings = {
				ALWAYS_EMBED_SWIFT_STANDARD_LIBRARIES = YES;
				CODE_SIGN_STYLE = Automatic;
				CURRENT_PROJECT_VERSION = 1;
				GENERATE_INFOPLIST_FILE = YES;
				MARKETING_VERSION = 1.0;
				PRODUCT_BUNDLE_IDENTIFIER = com.joellje.BoulderBuddyUITests;
				PRODUCT_NAME = "$(TARGET_NAME)";
				SWIFT_EMIT_LOC_STRINGS = NO;
				SWIFT_VERSION = 5.0;
				TARGETED_DEVICE_FAMILY = "1,2";
				TEST_TARGET_NAME = BoulderBuddy;
			};
			name = Debug;
		};
		FECDCFEA29ABBFEC00624B83 /* Release */ = {
			isa = XCBuildConfiguration;
			buildSettings = {
				ALWAYS_EMBED_SWIFT_STANDARD_LIBRARIES = YES;
				CODE_SIGN_STYLE = Automatic;
				CURRENT_PROJECT_VERSION = 1;
				GENERATE_INFOPLIST_FILE = YES;
				MARKETING_VERSION = 1.0;
				PRODUCT_BUNDLE_IDENTIFIER = com.joellje.BoulderBuddyUITests;
				PRODUCT_NAME = "$(TARGET_NAME)";
				SWIFT_EMIT_LOC_STRINGS = NO;
				SWIFT_VERSION = 5.0;
				TARGETED_DEVICE_FAMILY = "1,2";
				TEST_TARGET_NAME = BoulderBuddy;
			};
			name = Release;
		};
/* End XCBuildConfiguration section */

/* Begin XCConfigurationList section */
		FECDCFB929ABBFE900624B83 /* Build configuration list for PBXProject "BoulderBuddy" */ = {
			isa = XCConfigurationList;
			buildConfigurations = (
				FECDCFE029ABBFEC00624B83 /* Debug */,
				FECDCFE129ABBFEC00624B83 /* Release */,
			);
			defaultConfigurationIsVisible = 0;
			defaultConfigurationName = Release;
		};
		FECDCFE229ABBFEC00624B83 /* Build configuration list for PBXNativeTarget "BoulderBuddy" */ = {
			isa = XCConfigurationList;
			buildConfigurations = (
				FECDCFE329ABBFEC00624B83 /* Debug */,
				FECDCFE429ABBFEC00624B83 /* Release */,
			);
			defaultConfigurationIsVisible = 0;
			defaultConfigurationName = Release;
		};
		FECDCFE529ABBFEC00624B83 /* Build configuration list for PBXNativeTarget "BoulderBuddyTests" */ = {
			isa = XCConfigurationList;
			buildConfigurations = (
				FECDCFE629ABBFEC00624B83 /* Debug */,
				FECDCFE729ABBFEC00624B83 /* Release */,
			);
			defaultConfigurationIsVisible = 0;
			defaultConfigurationName = Release;
		};
		FECDCFE829ABBFEC00624B83 /* Build configuration list for PBXNativeTarget "BoulderBuddyUITests" */ = {
			isa = XCConfigurationList;
			buildConfigurations = (
				FECDCFE929ABBFEC00624B83 /* Debug */,
				FECDCFEA29ABBFEC00624B83 /* Release */,
			);
			defaultConfigurationIsVisible = 0;
			defaultConfigurationName = Release;
		};
/* End XCConfigurationList section */
	};
	rootObject = FECDCFB629ABBFE900624B83 /* Project object */;
}
